// !$*UTF8*$!
{
	archiveVersion = 1;
	classes = {
	};
	objectVersion = 46;
	objects = {

/* Begin PBXBuildFile section */
		DCA9712115D8DC6800DA8557 /* UIKit.framework in Frameworks */ = {isa = PBXBuildFile; fileRef = DCA9712015D8DC6800DA8557 /* UIKit.framework */; };
		DCA9712315D8DC6800DA8557 /* Foundation.framework in Frameworks */ = {isa = PBXBuildFile; fileRef = DCA9712215D8DC6800DA8557 /* Foundation.framework */; };
		DCA9712915D8DC6800DA8557 /* InfoPlist.strings in Resources */ = {isa = PBXBuildFile; fileRef = DCA9712715D8DC6800DA8557 /* InfoPlist.strings */; };
		DCA9712B15D8DC6800DA8557 /* main.m in Sources */ = {isa = PBXBuildFile; fileRef = DCA9712A15D8DC6800DA8557 /* main.m */; };
		DCA9712F15D8DC6800DA8557 /* AppDelegate.m in Sources */ = {isa = PBXBuildFile; fileRef = DCA9712E15D8DC6800DA8557 /* AppDelegate.m */; };
		DCF8E0EE15D9FCD6001DE556 /* CreditViewController.m in Sources */ = {isa = PBXBuildFile; fileRef = DCF8E0E315D9FCD6001DE556 /* CreditViewController.m */; };
		DCF8E0EF15D9FCD6001DE556 /* DetailVideoViewController.m in Sources */ = {isa = PBXBuildFile; fileRef = DCF8E0E515D9FCD6001DE556 /* DetailVideoViewController.m */; };
		DCF8E0F015D9FCD6001DE556 /* MailViewController.m in Sources */ = {isa = PBXBuildFile; fileRef = DCF8E0E715D9FCD6001DE556 /* MailViewController.m */; };
		DCF8E0F115D9FCD6001DE556 /* MoreViewController.m in Sources */ = {isa = PBXBuildFile; fileRef = DCF8E0E915D9FCD6001DE556 /* MoreViewController.m */; };
		DCF8E0F215D9FCD6001DE556 /* OtherVideosViewController.m in Sources */ = {isa = PBXBuildFile; fileRef = DCF8E0EB15D9FCD6001DE556 /* OtherVideosViewController.m */; };
		DCF8E0F315D9FCD6001DE556 /* VideoListViewController.m in Sources */ = {isa = PBXBuildFile; fileRef = DCF8E0ED15D9FCD6001DE556 /* VideoListViewController.m */; };
		DCF8E0F915D9FCDF001DE556 /* MoreCell.m in Sources */ = {isa = PBXBuildFile; fileRef = DCF8E0F615D9FCDF001DE556 /* MoreCell.m */; };
		DCF8E0FA15D9FCDF001DE556 /* VideoListCell.m in Sources */ = {isa = PBXBuildFile; fileRef = DCF8E0F815D9FCDF001DE556 /* VideoListCell.m */; };
		DCF8E10A15DA3079001DE556 /* Default.png in Resources */ = {isa = PBXBuildFile; fileRef = DCF8E10915DA3079001DE556 /* Default.png */; };
		DCF8E10C15DA38C6001DE556 /* back1.png in Resources */ = {isa = PBXBuildFile; fileRef = DCF8E10B15DA38C6001DE556 /* back1.png */; };
		DCF8E11715DA6F57001DE556 /* MessageUI.framework in Frameworks */ = {isa = PBXBuildFile; fileRef = DCF8E11615DA6F56001DE556 /* MessageUI.framework */; };
/* End PBXBuildFile section */

/* Begin PBXFileReference section */
		DCA9711C15D8DC6800DA8557 /* KICKVideo.app */ = {isa = PBXFileReference; explicitFileType = wrapper.application; includeInIndex = 0; path = KICKVideo.app; sourceTree = BUILT_PRODUCTS_DIR; };
		DCA9712015D8DC6800DA8557 /* UIKit.framework */ = {isa = PBXFileReference; lastKnownFileType = wrapper.framework; name = UIKit.framework; path = System/Library/Frameworks/UIKit.framework; sourceTree = SDKROOT; };
		DCA9712215D8DC6800DA8557 /* Foundation.framework */ = {isa = PBXFileReference; lastKnownFileType = wrapper.framework; name = Foundation.framework; path = System/Library/Frameworks/Foundation.framework; sourceTree = SDKROOT; };
		DCA9712615D8DC6800DA8557 /* KICKVideo-Info.plist */ = {isa = PBXFileReference; lastKnownFileType = text.plist.xml; path = "KICKVideo-Info.plist"; sourceTree = "<group>"; };
		DCA9712815D8DC6800DA8557 /* en */ = {isa = PBXFileReference; lastKnownFileType = text.plist.strings; name = en; path = en.lproj/InfoPlist.strings; sourceTree = "<group>"; };
		DCA9712A15D8DC6800DA8557 /* main.m */ = {isa = PBXFileReference; lastKnownFileType = sourcecode.c.objc; path = main.m; sourceTree = "<group>"; };
		DCA9712C15D8DC6800DA8557 /* KICKVideo-Prefix.pch */ = {isa = PBXFileReference; lastKnownFileType = sourcecode.c.h; path = "KICKVideo-Prefix.pch"; sourceTree = "<group>"; };
		DCA9712D15D8DC6800DA8557 /* AppDelegate.h */ = {isa = PBXFileReference; lastKnownFileType = sourcecode.c.h; path = AppDelegate.h; sourceTree = "<group>"; };
		DCA9712E15D8DC6800DA8557 /* AppDelegate.m */ = {isa = PBXFileReference; lastKnownFileType = sourcecode.c.objc; path = AppDelegate.m; sourceTree = "<group>"; };
		DCF8E0E215D9FCD6001DE556 /* CreditViewController.h */ = {isa = PBXFileReference; fileEncoding = 4; lastKnownFileType = sourcecode.c.h; path = CreditViewController.h; sourceTree = "<group>"; };
		DCF8E0E315D9FCD6001DE556 /* CreditViewController.m */ = {isa = PBXFileReference; fileEncoding = 4; lastKnownFileType = sourcecode.c.objc; path = CreditViewController.m; sourceTree = "<group>"; };
		DCF8E0E415D9FCD6001DE556 /* DetailVideoViewController.h */ = {isa = PBXFileReference; fileEncoding = 4; lastKnownFileType = sourcecode.c.h; path = DetailVideoViewController.h; sourceTree = "<group>"; };
		DCF8E0E515D9FCD6001DE556 /* DetailVideoViewController.m */ = {isa = PBXFileReference; fileEncoding = 4; lastKnownFileType = sourcecode.c.objc; path = DetailVideoViewController.m; sourceTree = "<group>"; };
		DCF8E0E615D9FCD6001DE556 /* MailViewController.h */ = {isa = PBXFileReference; fileEncoding = 4; lastKnownFileType = sourcecode.c.h; path = MailViewController.h; sourceTree = "<group>"; };
		DCF8E0E715D9FCD6001DE556 /* MailViewController.m */ = {isa = PBXFileReference; fileEncoding = 4; lastKnownFileType = sourcecode.c.objc; path = MailViewController.m; sourceTree = "<group>"; };
		DCF8E0E815D9FCD6001DE556 /* MoreViewController.h */ = {isa = PBXFileReference; fileEncoding = 4; lastKnownFileType = sourcecode.c.h; path = MoreViewController.h; sourceTree = "<group>"; };
		DCF8E0E915D9FCD6001DE556 /* MoreViewController.m */ = {isa = PBXFileReference; fileEncoding = 4; lastKnownFileType = sourcecode.c.objc; path = MoreViewController.m; sourceTree = "<group>"; };
		DCF8E0EA15D9FCD6001DE556 /* OtherVideosViewController.h */ = {isa = PBXFileReference; fileEncoding = 4; lastKnownFileType = sourcecode.c.h; path = OtherVideosViewController.h; sourceTree = "<group>"; };
		DCF8E0EB15D9FCD6001DE556 /* OtherVideosViewController.m */ = {isa = PBXFileReference; fileEncoding = 4; lastKnownFileType = sourcecode.c.objc; path = OtherVideosViewController.m; sourceTree = "<group>"; };
		DCF8E0EC15D9FCD6001DE556 /* VideoListViewController.h */ = {isa = PBXFileReference; fileEncoding = 4; lastKnownFileType = sourcecode.c.h; path = VideoListViewController.h; sourceTree = "<group>"; };
		DCF8E0ED15D9FCD6001DE556 /* VideoListViewController.m */ = {isa = PBXFileReference; fileEncoding = 4; lastKnownFileType = sourcecode.c.objc; path = VideoListViewController.m; sourceTree = "<group>"; };
		DCF8E0F515D9FCDF001DE556 /* MoreCell.h */ = {isa = PBXFileReference; fileEncoding = 4; lastKnownFileType = sourcecode.c.h; path = MoreCell.h; sourceTree = "<group>"; };
		DCF8E0F615D9FCDF001DE556 /* MoreCell.m */ = {isa = PBXFileReference; fileEncoding = 4; lastKnownFileType = sourcecode.c.objc; path = MoreCell.m; sourceTree = "<group>"; };
		DCF8E0F715D9FCDF001DE556 /* VideoListCell.h */ = {isa = PBXFileReference; fileEncoding = 4; lastKnownFileType = sourcecode.c.h; path = VideoListCell.h; sourceTree = "<group>"; };
		DCF8E0F815D9FCDF001DE556 /* VideoListCell.m */ = {isa = PBXFileReference; fileEncoding = 4; lastKnownFileType = sourcecode.c.objc; path = VideoListCell.m; sourceTree = "<group>"; };
		DCF8E10915DA3079001DE556 /* Default.png */ = {isa = PBXFileReference; lastKnownFileType = image.png; path = Default.png; sourceTree = "<group>"; };
		DCF8E10B15DA38C6001DE556 /* back1.png */ = {isa = PBXFileReference; lastKnownFileType = image.png; path = back1.png; sourceTree = "<group>"; };
		DCF8E11615DA6F56001DE556 /* MessageUI.framework */ = {isa = PBXFileReference; lastKnownFileType = wrapper.framework; name = MessageUI.framework; path = System/Library/Frameworks/MessageUI.framework; sourceTree = SDKROOT; };
/* End PBXFileReference section */

/* Begin PBXFrameworksBuildPhase section */
		DCA9711915D8DC6800DA8557 /* Frameworks */ = {
			isa = PBXFrameworksBuildPhase;
			buildActionMask = 2147483647;
			files = (
				DCF8E11715DA6F57001DE556 /* MessageUI.framework in Frameworks */,
				DCA9712115D8DC6800DA8557 /* UIKit.framework in Frameworks */,
				DCA9712315D8DC6800DA8557 /* Foundation.framework in Frameworks */,
			);
			runOnlyForDeploymentPostprocessing = 0;
		};
/* End PBXFrameworksBuildPhase section */

/* Begin PBXGroup section */
		DCA9711115D8DC6800DA8557 = {
			isa = PBXGroup;
			children = (
				DCA9712415D8DC6800DA8557 /* KICKVideo */,
				DCA9711F15D8DC6800DA8557 /* Frameworks */,
				DCA9711D15D8DC6800DA8557 /* Products */,
			);
			sourceTree = "<group>";
		};
		DCA9711D15D8DC6800DA8557 /* Products */ = {
			isa = PBXGroup;
			children = (
				DCA9711C15D8DC6800DA8557 /* KICKVideo.app */,
			);
			name = Products;
			sourceTree = "<group>";
		};
		DCA9711F15D8DC6800DA8557 /* Frameworks */ = {
			isa = PBXGroup;
			children = (
				DCF8E11615DA6F56001DE556 /* MessageUI.framework */,
				DCA9712015D8DC6800DA8557 /* UIKit.framework */,
				DCA9712215D8DC6800DA8557 /* Foundation.framework */,
			);
			name = Frameworks;
			sourceTree = "<group>";
		};
		DCA9712415D8DC6800DA8557 /* KICKVideo */ = {
			isa = PBXGroup;
			children = (
				DCA9712D15D8DC6800DA8557 /* AppDelegate.h */,
				DCA9712E15D8DC6800DA8557 /* AppDelegate.m */,
				DCF8E0F415D9FCDF001DE556 /* TableViewCell */,
				DCF8E0E115D9FCD6001DE556 /* Controller */,
				DCF8E0E015D9FCCD001DE556 /* View */,
				DCF8E0DF15D9FCC4001DE556 /* Model */,
				DCA9712515D8DC6800DA8557 /* Supporting Files */,
			);
			path = KICKVideo;
			sourceTree = "<group>";
		};
		DCA9712515D8DC6800DA8557 /* Supporting Files */ = {
			isa = PBXGroup;
			children = (
				DCF8E0FB15D9FD40001DE556 /* Images */,
				DCF8E0FC15D9FD4B001DE556 /* Videos */,
				DCA9712615D8DC6800DA8557 /* KICKVideo-Info.plist */,
				DCA9712715D8DC6800DA8557 /* InfoPlist.strings */,
				DCA9712A15D8DC6800DA8557 /* main.m */,
				DCA9712C15D8DC6800DA8557 /* KICKVideo-Prefix.pch */,
			);
			name = "Supporting Files";
			sourceTree = "<group>";
		};
		DCF8E0DF15D9FCC4001DE556 /* Model */ = {
			isa = PBXGroup;
			children = (
			);
			path = Model;
			sourceTree = "<group>";
		};
		DCF8E0E015D9FCCD001DE556 /* View */ = {
			isa = PBXGroup;
			children = (
			);
			path = View;
			sourceTree = "<group>";
		};
		DCF8E0E115D9FCD6001DE556 /* Controller */ = {
			isa = PBXGroup;
			children = (
				DCF8E0EC15D9FCD6001DE556 /* VideoListViewController.h */,
				DCF8E0ED15D9FCD6001DE556 /* VideoListViewController.m */,
				DCF8E0E415D9FCD6001DE556 /* DetailVideoViewController.h */,
				DCF8E0E515D9FCD6001DE556 /* DetailVideoViewController.m */,
				DCF8E0E815D9FCD6001DE556 /* MoreViewController.h */,
				DCF8E0E915D9FCD6001DE556 /* MoreViewController.m */,
				DCF8E0EA15D9FCD6001DE556 /* OtherVideosViewController.h */,
				DCF8E0EB15D9FCD6001DE556 /* OtherVideosViewController.m */,
				DCF8E0E615D9FCD6001DE556 /* MailViewController.h */,
				DCF8E0E715D9FCD6001DE556 /* MailViewController.m */,
				DCF8E0E215D9FCD6001DE556 /* CreditViewController.h */,
				DCF8E0E315D9FCD6001DE556 /* CreditViewController.m */,
			);
			path = Controller;
			sourceTree = "<group>";
		};
		DCF8E0F415D9FCDF001DE556 /* TableViewCell */ = {
			isa = PBXGroup;
			children = (
				DCF8E0F715D9FCDF001DE556 /* VideoListCell.h */,
				DCF8E0F815D9FCDF001DE556 /* VideoListCell.m */,
				DCF8E0F515D9FCDF001DE556 /* MoreCell.h */,
				DCF8E0F615D9FCDF001DE556 /* MoreCell.m */,
			);
			path = TableViewCell;
			sourceTree = "<group>";
		};
		DCF8E0FB15D9FD40001DE556 /* Images */ = {
			isa = PBXGroup;
			children = (
				DCF8E10B15DA38C6001DE556 /* back1.png */,
				DCF8E10915DA3079001DE556 /* Default.png */,
			);
			path = Images;
			sourceTree = "<group>";
		};
		DCF8E0FC15D9FD4B001DE556 /* Videos */ = {
			isa = PBXGroup;
			children = (
			);
			path = Videos;
			sourceTree = "<group>";
		};
/* End PBXGroup section */

/* Begin PBXNativeTarget section */
		DCA9711B15D8DC6800DA8557 /* KICKVideo */ = {
			isa = PBXNativeTarget;
			buildConfigurationList = DCA9713215D8DC6800DA8557 /* Build configuration list for PBXNativeTarget "KICKVideo" */;
			buildPhases = (
				DCA9711815D8DC6800DA8557 /* Sources */,
				DCA9711915D8DC6800DA8557 /* Frameworks */,
				DCA9711A15D8DC6800DA8557 /* Resources */,
			);
			buildRules = (
			);
			dependencies = (
			);
			name = KICKVideo;
			productName = KICKVideo;
			productReference = DCA9711C15D8DC6800DA8557 /* KICKVideo.app */;
			productType = "com.apple.product-type.application";
		};
/* End PBXNativeTarget section */

/* Begin PBXProject section */
		DCA9711315D8DC6800DA8557 /* Project object */ = {
			isa = PBXProject;
			attributes = {
				LastUpgradeCheck = 0420;
			};
			buildConfigurationList = DCA9711615D8DC6800DA8557 /* Build configuration list for PBXProject "KICKVideo" */;
			compatibilityVersion = "Xcode 3.2";
			developmentRegion = English;
			hasScannedForEncodings = 0;
			knownRegions = (
				en,
			);
			mainGroup = DCA9711115D8DC6800DA8557;
			productRefGroup = DCA9711D15D8DC6800DA8557 /* Products */;
			projectDirPath = "";
			projectRoot = "";
			targets = (
				DCA9711B15D8DC6800DA8557 /* KICKVideo */,
			);
		};
/* End PBXProject section */

/* Begin PBXResourcesBuildPhase section */
		DCA9711A15D8DC6800DA8557 /* Resources */ = {
			isa = PBXResourcesBuildPhase;
			buildActionMask = 2147483647;
			files = (
				DCA9712915D8DC6800DA8557 /* InfoPlist.strings in Resources */,
				DCF8E10A15DA3079001DE556 /* Default.png in Resources */,
				DCF8E10C15DA38C6001DE556 /* back1.png in Resources */,
			);
			runOnlyForDeploymentPostprocessing = 0;
		};
/* End PBXResourcesBuildPhase section */

/* Begin PBXSourcesBuildPhase section */
		DCA9711815D8DC6800DA8557 /* Sources */ = {
			isa = PBXSourcesBuildPhase;
			buildActionMask = 2147483647;
			files = (
				DCA9712B15D8DC6800DA8557 /* main.m in Sources */,
				DCA9712F15D8DC6800DA8557 /* AppDelegate.m in Sources */,
				DCF8E0EE15D9FCD6001DE556 /* CreditViewController.m in Sources */,
				DCF8E0EF15D9FCD6001DE556 /* DetailVideoViewController.m in Sources */,
				DCF8E0F015D9FCD6001DE556 /* MailViewController.m in Sources */,
				DCF8E0F115D9FCD6001DE556 /* MoreViewController.m in Sources */,
				DCF8E0F215D9FCD6001DE556 /* OtherVideosViewController.m in Sources */,
				DCF8E0F315D9FCD6001DE556 /* VideoListViewController.m in Sources */,
				DCF8E0F915D9FCDF001DE556 /* MoreCell.m in Sources */,
				DCF8E0FA15D9FCDF001DE556 /* VideoListCell.m in Sources */,
			);
			runOnlyForDeploymentPostprocessing = 0;
		};
/* End PBXSourcesBuildPhase section */

/* Begin PBXVariantGroup section */
		DCA9712715D8DC6800DA8557 /* InfoPlist.strings */ = {
			isa = PBXVariantGroup;
			children = (
				DCA9712815D8DC6800DA8557 /* en */,
			);
			name = InfoPlist.strings;
			sourceTree = "<group>";
		};
/* End PBXVariantGroup section */

/* Begin XCBuildConfiguration section */
		DCA9713015D8DC6800DA8557 /* Debug */ = {
			isa = XCBuildConfiguration;
			buildSettings = {
				ALWAYS_SEARCH_USER_PATHS = NO;
				ARCHS = "$(ARCHS_STANDARD_32_BIT)";
				"CODE_SIGN_IDENTITY[sdk=iphoneos*]" = "iPhone Developer";
				COPY_PHASE_STRIP = NO;
				GCC_C_LANGUAGE_STANDARD = gnu99;
				GCC_DYNAMIC_NO_PIC = NO;
				GCC_OPTIMIZATION_LEVEL = 0;
				GCC_PREPROCESSOR_DEFINITIONS = (
					"DEBUG=1",
					"$(inherited)",
				);
				GCC_SYMBOLS_PRIVATE_EXTERN = NO;
				GCC_VERSION = com.apple.compilers.llvm.clang.1_0;
				GCC_WARN_ABOUT_MISSING_PROTOTYPES = YES;
				GCC_WARN_ABOUT_RETURN_TYPE = YES;
				GCC_WARN_UNUSED_VARIABLE = YES;
				IPHONEOS_DEPLOYMENT_TARGET = 5.0;
				SDKROOT = iphoneos;
				TARGETED_DEVICE_FAMILY = "1,2";
			};
			name = Debug;
		};
		DCA9713115D8DC6800DA8557 /* Release */ = {
			isa = XCBuildConfiguration;
			buildSettings = {
				ALWAYS_SEARCH_USER_PATHS = NO;
				ARCHS = "$(ARCHS_STANDARD_32_BIT)";
				"CODE_SIGN_IDENTITY[sdk=iphoneos*]" = "iPhone Developer";
				COPY_PHASE_STRIP = YES;
				GCC_C_LANGUAGE_STANDARD = gnu99;
				GCC_VERSION = com.apple.compilers.llvm.clang.1_0;
				GCC_WARN_ABOUT_MISSING_PROTOTYPES = YES;
				GCC_WARN_ABOUT_RETURN_TYPE = YES;
				GCC_WARN_UNUSED_VARIABLE = YES;
				IPHONEOS_DEPLOYMENT_TARGET = 5.0;
				OTHER_CFLAGS = "-DNS_BLOCK_ASSERTIONS=1";
				SDKROOT = iphoneos;
				TARGETED_DEVICE_FAMILY = "1,2";
				VALIDATE_PRODUCT = YES;
			};
			name = Release;
		};
		DCA9713315D8DC6800DA8557 /* Debug */ = {
			isa = XCBuildConfiguration;
			buildSettings = {
				GCC_PRECOMPILE_PREFIX_HEADER = YES;
				GCC_PREFIX_HEADER = "KICKVideo/KICKVideo-Prefix.pch";
				INFOPLIST_FILE = "KICKVideo/KICKVideo-Info.plist";
				PRODUCT_NAME = "$(TARGET_NAME)";
				WRAPPER_EXTENSION = app;
			};
			name = Debug;
		};
		DCA9713415D8DC6800DA8557 /* Release */ = {
			isa = XCBuildConfiguration;
			buildSettings = {
				GCC_PRECOMPILE_PREFIX_HEADER = YES;
				GCC_PREFIX_HEADER = "KICKVideo/KICKVideo-Prefix.pch";
				INFOPLIST_FILE = "KICKVideo/KICKVideo-Info.plist";
				PRODUCT_NAME = "$(TARGET_NAME)";
				WRAPPER_EXTENSION = app;
			};
			name = Release;
		};
/* End XCBuildConfiguration section */

/* Begin XCConfigurationList section */
		DCA9711615D8DC6800DA8557 /* Build configuration list for PBXProject "KICKVideo" */ = {
			isa = XCConfigurationList;
			buildConfigurations = (
				DCA9713015D8DC6800DA8557 /* Debug */,
				DCA9713115D8DC6800DA8557 /* Release */,
			);
			defaultConfigurationIsVisible = 0;
			defaultConfigurationName = Release;
		};
		DCA9713215D8DC6800DA8557 /* Build configuration list for PBXNativeTarget "KICKVideo" */ = {
			isa = XCConfigurationList;
			buildConfigurations = (
				DCA9713315D8DC6800DA8557 /* Debug */,
				DCA9713415D8DC6800DA8557 /* Release */,
			);
			defaultConfigurationIsVisible = 0;
			defaultConfigurationName = Release;
		};
/* End XCConfigurationList section */
	};
	rootObject = DCA9711315D8DC6800DA8557 /* Project object */;
}
